
Microsoft Visual Studio Solution File, Format Version 12.00
# Visual Studio Version 17
VisualStudioVersion = 17.0.32014.148
MinimumVisualStudioVersion = 10.0.40219.1
Project("{FAE04EC0-301F-11D3-BF4B-00C04F79EFBC}") = "Basic_C_Sharp", "Basic_C_Sharp\Basic_C_Sharp.csproj", "{FE4E8F36-6D79-4D0F-8CC5-D9B6AE95AC9C}"
EndProject
Global
	GlobalSection(SolutionConfigurationPlatforms) = preSolution
		Debug|Any CPU = Debug|Any CPU
		Release|Any CPU = Release|Any CPU
	EndGlobalSection
	GlobalSection(ProjectConfigurationPlatforms) = postSolution
		{FE4E8F36-6D79-4D0F-8CC5-D9B6AE95AC9C}.Debug|Any CPU.ActiveCfg = Debug|Any CPU
		{FE4E8F36-6D79-4D0F-8CC5-D9B6AE95AC9C}.Debug|Any CPU.Build.0 = Debug|Any CPU
		{FE4E8F36-6D79-4D0F-8CC5-D9B6AE95AC9C}.Release|Any CPU.ActiveCfg = Release|Any CPU
		{FE4E8F36-6D79-4D0F-8CC5-D9B6AE95AC9C}.Release|Any CPU.Build.0 = Release|Any CPU
	EndGlobalSection
	GlobalSection(SolutionProperties) = preSolution
		HideSolutionNode = FALSE
	EndGlobalSection
	GlobalSection(ExtensibilityGlobals) = postSolution
		SolutionGuid = {65C7F3FB-6137-4F17-8149-B973801EBAF2}
	EndGlobalSection
EndGlobal
