
Microsoft Visual Studio Solution File, Format Version 12.00
# Visual Studio Version 17
VisualStudioVersion = 17.0.32014.148
MinimumVisualStudioVersion = 10.0.40219.1
Project("{FAE04EC0-301F-11D3-BF4B-00C04F79EFBC}") = "Datatable_Demo", "Datatable_Demo\Datatable_Demo.csproj", "{295C6029-8EDE-4663-BCBF-6E9446A7975D}"
EndProject
Global
	GlobalSection(SolutionConfigurationPlatforms) = preSolution
		Debug|Any CPU = Debug|Any CPU
		Release|Any CPU = Release|Any CPU
	EndGlobalSection
	GlobalSection(ProjectConfigurationPlatforms) = postSolution
		{295C6029-8EDE-4663-BCBF-6E9446A7975D}.Debug|Any CPU.ActiveCfg = Debug|Any CPU
		{295C6029-8EDE-4663-BCBF-6E9446A7975D}.Debug|Any CPU.Build.0 = Debug|Any CPU
		{295C6029-8EDE-4663-BCBF-6E9446A7975D}.Release|Any CPU.ActiveCfg = Release|Any CPU
		{295C6029-8EDE-4663-BCBF-6E9446A7975D}.Release|Any CPU.Build.0 = Release|Any CPU
	EndGlobalSection
	GlobalSection(SolutionProperties) = preSolution
		HideSolutionNode = FALSE
	EndGlobalSection
	GlobalSection(ExtensibilityGlobals) = postSolution
		SolutionGuid = {AAF0639A-FA72-49DC-9157-8CF84CEA5489}
	EndGlobalSection
EndGlobal
