
Microsoft Visual Studio Solution File, Format Version 12.00
# Visual Studio Version 17
VisualStudioVersion = 17.0.32014.148
MinimumVisualStudioVersion = 10.0.40219.1
Project("{FAE04EC0-301F-11D3-BF4B-00C04F79EFBC}") = "Polymorphism", "Polymorphism.csproj", "{5E60813C-90C3-4062-9E46-222D0E8156F9}"
EndProject
Global
	GlobalSection(SolutionConfigurationPlatforms) = preSolution
		Debug|Any CPU = Debug|Any CPU
		Release|Any CPU = Release|Any CPU
	EndGlobalSection
	GlobalSection(ProjectConfigurationPlatforms) = postSolution
		{5E60813C-90C3-4062-9E46-222D0E8156F9}.Debug|Any CPU.ActiveCfg = Debug|Any CPU
		{5E60813C-90C3-4062-9E46-222D0E8156F9}.Debug|Any CPU.Build.0 = Debug|Any CPU
		{5E60813C-90C3-4062-9E46-222D0E8156F9}.Release|Any CPU.ActiveCfg = Release|Any CPU
		{5E60813C-90C3-4062-9E46-222D0E8156F9}.Release|Any CPU.Build.0 = Release|Any CPU
	EndGlobalSection
	GlobalSection(SolutionProperties) = preSolution
		HideSolutionNode = FALSE
	EndGlobalSection
	GlobalSection(ExtensibilityGlobals) = postSolution
		SolutionGuid = {A8EA474F-2572-4EA4-BAD4-20F15343913B}
	EndGlobalSection
EndGlobal
