
Microsoft Visual Studio Solution File, Format Version 12.00
# Visual Studio Version 17
VisualStudioVersion = 17.0.32014.148
MinimumVisualStudioVersion = 10.0.40219.1
Project("{FAE04EC0-301F-11D3-BF4B-00C04F79EFBC}") = "WebAPIDemo", "WebAPIDemo.csproj", "{BAC19BC1-CBFC-4D62-AE64-5EED10D9FEDF}"
EndProject
Global
	GlobalSection(SolutionConfigurationPlatforms) = preSolution
		Debug|Any CPU = Debug|Any CPU
		Release|Any CPU = Release|Any CPU
	EndGlobalSection
	GlobalSection(ProjectConfigurationPlatforms) = postSolution
		{BAC19BC1-CBFC-4D62-AE64-5EED10D9FEDF}.Debug|Any CPU.ActiveCfg = Debug|Any CPU
		{BAC19BC1-CBFC-4D62-AE64-5EED10D9FEDF}.Debug|Any CPU.Build.0 = Debug|Any CPU
		{BAC19BC1-CBFC-4D62-AE64-5EED10D9FEDF}.Release|Any CPU.ActiveCfg = Release|Any CPU
		{BAC19BC1-CBFC-4D62-AE64-5EED10D9FEDF}.Release|Any CPU.Build.0 = Release|Any CPU
	EndGlobalSection
	GlobalSection(SolutionProperties) = preSolution
		HideSolutionNode = FALSE
	EndGlobalSection
	GlobalSection(ExtensibilityGlobals) = postSolution
		SolutionGuid = {C93F4377-6FCF-4820-89BC-BCA9264C1E9C}
	EndGlobalSection
EndGlobal
